
Microsoft Visual Studio Solution File, Format Version 12.00
# Visual Studio 15
VisualStudioVersion = 15.0.27004.2006
MinimumVisualStudioVersion = 10.0.40219.1
Project("{FAE04EC0-301F-11D3-BF4B-00C04F79EFBC}") = "Laboratorium_z_PO_Zestaw_02", "Laboratorium_z_PO_Zestaw_02\Laboratorium_z_PO_Zestaw_02.csproj", "{AEFA7052-AECE-4880-A9A3-8D45B143D72F}"
EndProject
Global
	GlobalSection(SolutionConfigurationPlatforms) = preSolution
		Debug|Any CPU = Debug|Any CPU
		Release|Any CPU = Release|Any CPU
	EndGlobalSection
	GlobalSection(ProjectConfigurationPlatforms) = postSolution
		{AEFA7052-AECE-4880-A9A3-8D45B143D72F}.Debug|Any CPU.ActiveCfg = Debug|Any CPU
		{AEFA7052-AECE-4880-A9A3-8D45B143D72F}.Debug|Any CPU.Build.0 = Debug|Any CPU
		{AEFA7052-AECE-4880-A9A3-8D45B143D72F}.Release|Any CPU.ActiveCfg = Release|Any CPU
		{AEFA7052-AECE-4880-A9A3-8D45B143D72F}.Release|Any CPU.Build.0 = Release|Any CPU
	EndGlobalSection
	GlobalSection(SolutionProperties) = preSolution
		HideSolutionNode = FALSE
	EndGlobalSection
	GlobalSection(ExtensibilityGlobals) = postSolution
		SolutionGuid = {B7203E68-2F14-4361-8638-47CB035BBEA3}
	EndGlobalSection
EndGlobal
